{
  "version": 4,
  "terraform_version": "1.14.7",
  "serial": 56,
  "lineage": "8b8b4823-e0db-0d38-5d44-76db2ea91371",
  "outputs": {},
  "resources": [
    {
      "module": "module.cloudwatch",
      "mode": "managed",
      "type": "aws_cloudwatch_log_group",
      "name": "lambda_s3_url_generator",
      "provider": "provider[\"registry.terraform.io/hashicorp/aws\"]",
      "instances": [
        {
          "schema_version": 0,
          "attributes": {
            "arn": "arn:aws:logs:ap-southeast-1:739685920279:log-group:/aws/lambda/serverless-pipeline-dev-lambda-s3-url-generator",
            "deletion_protection_enabled": false,
            "id": "/aws/lambda/serverless-pipeline-dev-lambda-s3-url-generator",
            "kms_key_id": "",
            "log_group_class": "STANDARD",
            "name": "/aws/lambda/serverless-pipeline-dev-lambda-s3-url-generator",
            "name_prefix": "",
            "region": "ap-southeast-1",
            "retention_in_days": 30,
            "skip_destroy": false,
            "tags": {},
            "tags_all": {
              "Environment": "dev",
              "Project": "serverless-pipeline"
            }
          },
          "sensitive_attributes": [],
          "identity_schema_version": 0,
          "identity": {
            "account_id": "739685920279",
            "name": "/aws/lambda/serverless-pipeline-dev-lambda-s3-url-generator",
            "region": "ap-southeast-1"
          },
          "private": "bnVsbA=="
        }
      ]
    },
    {
      "module": "module.cloudwatch",
      "mode": "managed",
      "type": "aws_cloudwatch_log_group",
      "name": "lambda_worker",
      "provider": "provider[\"registry.terraform.io/hashicorp/aws\"]",
      "instances": [
        {
          "schema_version": 0,
          "attributes": {
            "arn": "arn:aws:logs:ap-southeast-1:739685920279:log-group:/aws/lambda/serverless-pipeline-dev-lambda-worker",
            "deletion_protection_enabled": false,
            "id": "/aws/lambda/serverless-pipeline-dev-lambda-worker",
            "kms_key_id": "",
            "log_group_class": "STANDARD",
            "name": "/aws/lambda/serverless-pipeline-dev-lambda-worker",
            "name_prefix": "",
            "region": "ap-southeast-1",
            "retention_in_days": 30,
            "skip_destroy": false,
            "tags": {},
            "tags_all": {
              "Environment": "dev",
              "Project": "serverless-pipeline"
            }
          },
          "sensitive_attributes": [],
          "identity_schema_version": 0,
          "identity": {
            "account_id": "739685920279",
            "name": "/aws/lambda/serverless-pipeline-dev-lambda-worker",
            "region": "ap-southeast-1"
          },
          "private": "bnVsbA=="
        }
      ]
    },
    {
      "module": "module.cloudwatch",
      "mode": "managed",
      "type": "aws_cloudwatch_log_group",
      "name": "trigger_lambda",
      "provider": "provider[\"registry.terraform.io/hashicorp/aws\"]",
      "instances": [
        {
          "schema_version": 0,
          "attributes": {
            "arn": "arn:aws:logs:ap-southeast-1:739685920279:log-group:/aws/lambda/serverless-pipeline-dev-trigger-lambda",
            "deletion_protection_enabled": false,
            "id": "/aws/lambda/serverless-pipeline-dev-trigger-lambda",
            "kms_key_id": "",
            "log_group_class": "STANDARD",
            "name": "/aws/lambda/serverless-pipeline-dev-trigger-lambda",
            "name_prefix": "",
            "region": "ap-southeast-1",
            "retention_in_days": 30,
            "skip_destroy": false,
            "tags": {},
            "tags_all": {
              "Environment": "dev",
              "Project": "serverless-pipeline"
            }
          },
          "sensitive_attributes": [],
          "identity_schema_version": 0,
          "identity": {
            "account_id": "739685920279",
            "name": "/aws/lambda/serverless-pipeline-dev-trigger-lambda",
            "region": "ap-southeast-1"
          },
          "private": "bnVsbA=="
        }
      ]
    },
    {
      "module": "module.dynamodb",
      "mode": "managed",
      "type": "aws_dynamodb_table",
      "name": "pipeline_db_table",
      "provider": "provider[\"registry.terraform.io/hashicorp/aws\"]",
      "instances": [
        {
          "schema_version": 1,
          "attributes": {
            "arn": "arn:aws:dynamodb:ap-southeast-1:739685920279:table/serverless-pipeline-dev-pipeline-db-table",
            "attribute": [
              {
                "name": "FileID",
                "type": "S"
              }
            ],
            "billing_mode": "PAY_PER_REQUEST",
            "deletion_protection_enabled": false,
            "global_secondary_index": [],
            "global_table_witness": [],
            "hash_key": "FileID",
            "id": "serverless-pipeline-dev-pipeline-db-table",
            "import_table": [],
            "local_secondary_index": [],
            "name": "serverless-pipeline-dev-pipeline-db-table",
            "on_demand_throughput": [],
            "point_in_time_recovery": [
              {
                "enabled": false,
                "recovery_period_in_days": 0
              }
            ],
            "range_key": null,
            "read_capacity": 0,
            "region": "ap-southeast-1",
            "replica": [],
            "restore_date_time": null,
            "restore_source_name": null,
            "restore_source_table_arn": null,
            "restore_to_latest_time": null,
            "server_side_encryption": [],
            "stream_arn": "",
            "stream_enabled": false,
            "stream_label": "",
            "stream_view_type": "",
            "table_class": "STANDARD",
            "tags": {
              "Name": "pipeline-db-table"
            },
            "tags_all": {
              "Environment": "dev",
              "Name": "pipeline-db-table",
              "Project": "serverless-pipeline"
            },
            "timeouts": null,
            "ttl": [
              {
                "attribute_name": "",
                "enabled": false
              }
            ],
            "warm_throughput": [],
            "write_capacity": 0
          },
          "sensitive_attributes": [],
          "identity_schema_version": 0,
          "private": "eyJlMmJmYjczMC1lY2FhLTExZTYtOGY4OC0zNDM2M2JjN2M0YzAiOnsiY3JlYXRlIjoxODAwMDAwMDAwMDAwLCJkZWxldGUiOjYwMDAwMDAwMDAwMCwidXBkYXRlIjozNjAwMDAwMDAwMDAwfSwic2NoZW1hX3ZlcnNpb24iOiIxIn0="
        }
      ]
    },
    {
      "module": "module.iam",
      "mode": "data",
      "type": "aws_caller_identity",
      "name": "current",
      "provider": "provider[\"registry.terraform.io/hashicorp/aws\"]",
      "instances": [
        {
          "schema_version": 0,
          "attributes": {
            "account_id": "739685920279",
            "arn": "arn:aws:iam::739685920279:user/user-matthew",
            "id": "739685920279",
            "user_id": "AIDA2YOFXNYL7AZPDW4XR"
          },
          "sensitive_attributes": [],
          "identity_schema_version": 0
        }
      ]
    },
    {
      "module": "module.iam",
      "mode": "data",
      "type": "aws_region",
      "name": "current",
      "provider": "provider[\"registry.terraform.io/hashicorp/aws\"]",
      "instances": [
        {
          "schema_version": 0,
          "attributes": {
            "description": "Asia Pacific (Singapore)",
            "endpoint": "ec2.ap-southeast-1.amazonaws.com",
            "id": "ap-southeast-1",
            "name": "ap-southeast-1",
            "region": "ap-southeast-1"
          },
          "sensitive_attributes": [],
          "identity_schema_version": 0
        }
      ]
    },
    {
      "module": "module.iam",
      "mode": "managed",
      "type": "aws_iam_policy",
      "name": "lambda_cloudwatch_logs",
      "provider": "provider[\"registry.terraform.io/hashicorp/aws\"]",
      "instances": [
        {
          "schema_version": 0,
          "attributes": {
            "arn": "arn:aws:iam::739685920279:policy/serverless-pipeline-dev-lambda-logs",
            "attachment_count": 3,
            "delay_after_policy_creation_in_ms": null,
            "description": "",
            "id": "arn:aws:iam::739685920279:policy/serverless-pipeline-dev-lambda-logs",
            "name": "serverless-pipeline-dev-lambda-logs",
            "name_prefix": "",
            "path": "/",
            "policy": "{\"Statement\":[{\"Action\":[\"logs:CreateLogStream\",\"logs:PutLogEvents\"],\"Effect\":\"Allow\",\"Resource\":\"arn:aws:logs:ap-southeast-1:739685920279:log-group:/aws/lambda/serverless-pipeline-dev-*:log-stream:*\"}],\"Version\":\"2012-10-17\"}",
            "policy_id": "ANPA2YOFXNYLTC4OLBTEI",
            "tags": {},
            "tags_all": {
              "Environment": "dev",
              "Project": "serverless-pipeline"
            }
          },
          "sensitive_attributes": [],
          "identity_schema_version": 0,
          "identity": {
            "arn": "arn:aws:iam::739685920279:policy/serverless-pipeline-dev-lambda-logs"
          },
          "private": "bnVsbA==",
          "dependencies": [
            "module.iam.data.aws_caller_identity.current",
            "module.iam.data.aws_region.current"
          ]
        }
      ]
    },
    {
      "module": "module.iam",
      "mode": "managed",
      "type": "aws_iam_policy",
      "name": "lambda_worker_policy",
      "provider": "provider[\"registry.terraform.io/hashicorp/aws\"]",
      "instances": [
        {
          "schema_version": 0,
          "attributes": {
            "arn": "arn:aws:iam::739685920279:policy/serverless-pipeline-dev-lambda-worker-policy",
            "attachment_count": 1,
            "delay_after_policy_creation_in_ms": null,
            "description": "",
            "id": "arn:aws:iam::739685920279:policy/serverless-pipeline-dev-lambda-worker-policy",
            "name": "serverless-pipeline-dev-lambda-worker-policy",
            "name_prefix": "",
            "path": "/",
            "policy": "{\"Statement\":[{\"Action\":[\"s3:GetObject\"],\"Effect\":\"Allow\",\"Resource\":\"arn:aws:s3:::serverless-pipeline-dev-file-bucket-739685920279/*\"},{\"Action\":[\"dynamodb:PutItem\"],\"Effect\":\"Allow\",\"Resource\":\"arn:aws:dynamodb:ap-southeast-1:739685920279:table/serverless-pipeline-dev-pipeline-db-table\"},{\"Action\":[\"ses:SendEmail\"],\"Effect\":\"Allow\",\"Resource\":\"arn:aws:ses:ap-southeast-1:739685920279:identity/*\"}],\"Version\":\"2012-10-17\"}",
            "policy_id": "ANPA2YOFXNYLW4KN5NVUT",
            "tags": {},
            "tags_all": {
              "Environment": "dev",
              "Project": "serverless-pipeline"
            }
          },
          "sensitive_attributes": [],
          "identity_schema_version": 0,
          "identity": {
            "arn": "arn:aws:iam::739685920279:policy/serverless-pipeline-dev-lambda-worker-policy"
          },
          "private": "bnVsbA==",
          "dependencies": [
            "module.dynamodb.aws_dynamodb_table.pipeline_db_table",
            "module.iam.data.aws_caller_identity.current",
            "module.iam.data.aws_region.current",
            "module.s3.aws_s3_bucket.file_bucket",
            "module.s3.data.aws_caller_identity.current"
          ]
        }
      ]
    },
    {
      "module": "module.iam",
      "mode": "managed",
      "type": "aws_iam_policy",
      "name": "lambda_worker_sqs",
      "provider": "provider[\"registry.terraform.io/hashicorp/aws\"]",
      "instances": [
        {
          "schema_version": 0,
          "attributes": {
            "arn": "arn:aws:iam::739685920279:policy/serverless-pipeline-dev-lambda-worker-sqs",
            "attachment_count": 1,
            "delay_after_policy_creation_in_ms": null,
            "description": "",
            "id": "arn:aws:iam::739685920279:policy/serverless-pipeline-dev-lambda-worker-sqs",
            "name": "serverless-pipeline-dev-lambda-worker-sqs",
            "name_prefix": "",
            "path": "/",
            "policy": "{\"Statement\":[{\"Action\":[\"sqs:ReceiveMessage\",\"sqs:DeleteMessage\",\"sqs:GetQueueAttributes\"],\"Effect\":\"Allow\",\"Resource\":\"arn:aws:sqs:ap-southeast-1:739685920279:serverless-pipeline-dev-lambda-worker-queue\"}],\"Version\":\"2012-10-17\"}",
            "policy_id": "ANPA2YOFXNYLVSME5W73C",
            "tags": {},
            "tags_all": {
              "Environment": "dev",
              "Project": "serverless-pipeline"
            }
          },
          "sensitive_attributes": [],
          "identity_schema_version": 0,
          "identity": {
            "arn": "arn:aws:iam::739685920279:policy/serverless-pipeline-dev-lambda-worker-sqs"
          },
          "private": "bnVsbA==",
          "dependencies": [
            "module.sqs.aws_sqs_queue.lambda_worker_queue",
            "module.sqs.aws_sqs_queue.sqs_queue_dlq"
          ]
        }
      ]
    },
    {
      "module": "module.iam",
      "mode": "managed",
      "type": "aws_iam_policy",
      "name": "trigger_lambda_policy",
      "provider": "provider[\"registry.terraform.io/hashicorp/aws\"]",
      "instances": [
        {
          "schema_version": 0,
          "attributes": {
            "arn": "arn:aws:iam::739685920279:policy/serverless-pipeline-dev-trigger-lambda-policy",
            "attachment_count": 1,
            "delay_after_policy_creation_in_ms": null,
            "description": "",
            "id": "arn:aws:iam::739685920279:policy/serverless-pipeline-dev-trigger-lambda-policy",
            "name": "serverless-pipeline-dev-trigger-lambda-policy",
            "name_prefix": "",
            "path": "/",
            "policy": "{\"Statement\":[{\"Action\":[\"s3:GetObject\"],\"Effect\":\"Allow\",\"Resource\":\"arn:aws:s3:::serverless-pipeline-dev-file-bucket-739685920279/*\"}],\"Version\":\"2012-10-17\"}",
            "policy_id": "ANPA2YOFXNYLQWTYJ6JMS",
            "tags": {},
            "tags_all": {
              "Environment": "dev",
              "Project": "serverless-pipeline"
            }
          },
          "sensitive_attributes": [],
          "identity_schema_version": 0,
          "identity": {
            "arn": "arn:aws:iam::739685920279:policy/serverless-pipeline-dev-trigger-lambda-policy"
          },
          "private": "bnVsbA==",
          "dependencies": [
            "module.s3.aws_s3_bucket.file_bucket",
            "module.s3.data.aws_caller_identity.current"
          ]
        }
      ]
    },
    {
      "module": "module.iam",
      "mode": "managed",
      "type": "aws_iam_policy",
      "name": "trigger_lambda_sqs",
      "provider": "provider[\"registry.terraform.io/hashicorp/aws\"]",
      "instances": [
        {
          "schema_version": 0,
          "attributes": {
            "arn": "arn:aws:iam::739685920279:policy/serverless-pipeline-dev-trigger-lambda-sqs",
            "attachment_count": 1,
            "delay_after_policy_creation_in_ms": null,
            "description": "",
            "id": "arn:aws:iam::739685920279:policy/serverless-pipeline-dev-trigger-lambda-sqs",
            "name": "serverless-pipeline-dev-trigger-lambda-sqs",
            "name_prefix": "",
            "path": "/",
            "policy": "{\"Statement\":[{\"Action\":[\"sqs:SendMessage\"],\"Effect\":\"Allow\",\"Resource\":[\"arn:aws:sqs:ap-southeast-1:739685920279:serverless-pipeline-dev-lambda-worker-queue\",\"arn:aws:sqs:ap-southeast-1:739685920279:serverless-pipeline-dev-trigger-lambda-dlq\"]}],\"Version\":\"2012-10-17\"}",
            "policy_id": "ANPA2YOFXNYLZTQDXKZNK",
            "tags": {},
            "tags_all": {
              "Environment": "dev",
              "Project": "serverless-pipeline"
            }
          },
          "sensitive_attributes": [],
          "identity_schema_version": 0,
          "identity": {
            "arn": "arn:aws:iam::739685920279:policy/serverless-pipeline-dev-trigger-lambda-sqs"
          },
          "private": "bnVsbA==",
          "dependencies": [
            "module.lambda.aws_sqs_queue.trigger_lambda_dlq",
            "module.sqs.aws_sqs_queue.lambda_worker_queue",
            "module.sqs.aws_sqs_queue.sqs_queue_dlq"
          ]
        }
      ]
    },
    {
      "module": "module.iam",
      "mode": "managed",
      "type": "aws_iam_role",
      "name": "lambda_s3_url_generator_role",
      "provider": "provider[\"registry.terraform.io/hashicorp/aws\"]",
      "instances": [
        {
          "schema_version": 0,
          "attributes": {
            "arn": "arn:aws:iam::739685920279:role/serverless-pipeline-dev-lambda-s3-url-generator-role",
            "assume_role_policy": "{\"Statement\":[{\"Action\":\"sts:AssumeRole\",\"Effect\":\"Allow\",\"Principal\":{\"Service\":\"lambda.amazonaws.com\"},\"Sid\":\"\"}],\"Version\":\"2012-10-17\"}",
            "create_date": "2026-04-25T09:53:15Z",
            "description": "",
            "force_detach_policies": false,
            "id": "serverless-pipeline-dev-lambda-s3-url-generator-role",
            "inline_policy": [],
            "managed_policy_arns": [
              "arn:aws:iam::739685920279:policy/serverless-pipeline-dev-lambda-logs"
            ],
            "max_session_duration": 3600,
            "name": "serverless-pipeline-dev-lambda-s3-url-generator-role",
            "name_prefix": "",
            "path": "/",
            "permissions_boundary": "",
            "tags": {},
            "tags_all": {
              "Environment": "dev",
              "Project": "serverless-pipeline"
            },
            "unique_id": "AROA2YOFXNYL6JEKUBQT2"
          },
          "sensitive_attributes": [],
          "identity_schema_version": 0,
          "identity": {
            "account_id": "739685920279",
            "name": "serverless-pipeline-dev-lambda-s3-url-generator-role"
          },
          "private": "bnVsbA=="
        }
      ]
    },
    {
      "module": "module.iam",
      "mode": "managed",
      "type": "aws_iam_role",
      "name": "lambda_worker_role",
      "provider": "provider[\"registry.terraform.io/hashicorp/aws\"]",
      "instances": [
        {
          "schema_version": 0,
          "attributes": {
            "arn": "arn:aws:iam::739685920279:role/serverless-pipeline-dev-lambda-worker-role",
            "assume_role_policy": "{\"Statement\":[{\"Action\":\"sts:AssumeRole\",\"Effect\":\"Allow\",\"Principal\":{\"Service\":\"lambda.amazonaws.com\"},\"Sid\":\"\"}],\"Version\":\"2012-10-17\"}",
            "create_date": "2026-04-25T09:53:15Z",
            "description": "",
            "force_detach_policies": false,
            "id": "serverless-pipeline-dev-lambda-worker-role",
            "inline_policy": [],
            "managed_policy_arns": [
              "arn:aws:iam::739685920279:policy/serverless-pipeline-dev-lambda-logs",
              "arn:aws:iam::739685920279:policy/serverless-pipeline-dev-lambda-worker-policy",
              "arn:aws:iam::739685920279:policy/serverless-pipeline-dev-lambda-worker-sqs"
            ],
            "max_session_duration": 3600,
            "name": "serverless-pipeline-dev-lambda-worker-role",
            "name_prefix": "",
            "path": "/",
            "permissions_boundary": "",
            "tags": {},
            "tags_all": {
              "Environment": "dev",
              "Project": "serverless-pipeline"
            },
            "unique_id": "AROA2YOFXNYL3NT35HH62"
          },
          "sensitive_attributes": [],
          "identity_schema_version": 0,
          "identity": {
            "account_id": "739685920279",
            "name": "serverless-pipeline-dev-lambda-worker-role"
          },
          "private": "bnVsbA=="
        }
      ]
    },
    {
      "module": "module.iam",
      "mode": "managed",
      "type": "aws_iam_role",
      "name": "trigger_lambda_role",
      "provider": "provider[\"registry.terraform.io/hashicorp/aws\"]",
      "instances": [
        {
          "schema_version": 0,
          "attributes": {
            "arn": "arn:aws:iam::739685920279:role/serverless-pipeline-dev-trigger-lambda-role",
            "assume_role_policy": "{\"Statement\":[{\"Action\":\"sts:AssumeRole\",\"Effect\":\"Allow\",\"Principal\":{\"Service\":\"lambda.amazonaws.com\"},\"Sid\":\"\"}],\"Version\":\"2012-10-17\"}",
            "create_date": "2026-04-25T09:53:15Z",
            "description": "",
            "force_detach_policies": false,
            "id": "serverless-pipeline-dev-trigger-lambda-role",
            "inline_policy": [],
            "managed_policy_arns": [
              "arn:aws:iam::739685920279:policy/serverless-pipeline-dev-lambda-logs",
              "arn:aws:iam::739685920279:policy/serverless-pipeline-dev-trigger-lambda-policy",
              "arn:aws:iam::739685920279:policy/serverless-pipeline-dev-trigger-lambda-sqs"
            ],
            "max_session_duration": 3600,
            "name": "serverless-pipeline-dev-trigger-lambda-role",
            "name_prefix": "",
            "path": "/",
            "permissions_boundary": "",
            "tags": {},
            "tags_all": {
              "Environment": "dev",
              "Project": "serverless-pipeline"
            },
            "unique_id": "AROA2YOFXNYLSOZDNSOC3"
          },
          "sensitive_attributes": [],
          "identity_schema_version": 0,
          "identity": {
            "account_id": "739685920279",
            "name": "serverless-pipeline-dev-trigger-lambda-role"
          },
          "private": "bnVsbA=="
        }
      ]
    },
    {
      "module": "module.iam",
      "mode": "managed",
      "type": "aws_iam_role_policy_attachment",
      "name": "lambda_s3_url_generator_logs",
      "provider": "provider[\"registry.terraform.io/hashicorp/aws\"]",
      "instances": [
        {
          "schema_version": 0,
          "attributes": {
            "id": "serverless-pipeline-dev-lambda-s3-url-generator-role/arn:aws:iam::739685920279:policy/serverless-pipeline-dev-lambda-logs",
            "policy_arn": "arn:aws:iam::739685920279:policy/serverless-pipeline-dev-lambda-logs",
            "role": "serverless-pipeline-dev-lambda-s3-url-generator-role"
          },
          "sensitive_attributes": [],
          "identity_schema_version": 0,
          "identity": {
            "account_id": "739685920279",
            "policy_arn": "arn:aws:iam::739685920279:policy/serverless-pipeline-dev-lambda-logs",
            "role": "serverless-pipeline-dev-lambda-s3-url-generator-role"
          },
          "private": "bnVsbA==",
          "dependencies": [
            "module.iam.aws_iam_policy.lambda_cloudwatch_logs",
            "module.iam.aws_iam_role.lambda_s3_url_generator_role",
            "module.iam.data.aws_caller_identity.current",
            "module.iam.data.aws_region.current"
          ]
        }
      ]
    },
    {
      "module": "module.iam",
      "mode": "managed",
      "type": "aws_iam_role_policy_attachment",
      "name": "lambda_worker_logs",
      "provider": "provider[\"registry.terraform.io/hashicorp/aws\"]",
      "instances": [
        {
          "schema_version": 0,
          "attributes": {
            "id": "serverless-pipeline-dev-lambda-worker-role/arn:aws:iam::739685920279:policy/serverless-pipeline-dev-lambda-logs",
            "policy_arn": "arn:aws:iam::739685920279:policy/serverless-pipeline-dev-lambda-logs",
            "role": "serverless-pipeline-dev-lambda-worker-role"
          },
          "sensitive_attributes": [],
          "identity_schema_version": 0,
          "identity": {
            "account_id": "739685920279",
            "policy_arn": "arn:aws:iam::739685920279:policy/serverless-pipeline-dev-lambda-logs",
            "role": "serverless-pipeline-dev-lambda-worker-role"
          },
          "private": "bnVsbA==",
          "dependencies": [
            "module.iam.aws_iam_policy.lambda_cloudwatch_logs",
            "module.iam.aws_iam_role.lambda_worker_role",
            "module.iam.data.aws_caller_identity.current",
            "module.iam.data.aws_region.current"
          ]
        }
      ]
    },
    {
      "module": "module.iam",
      "mode": "managed",
      "type": "aws_iam_role_policy_attachment",
      "name": "lambda_worker_policy",
      "provider": "provider[\"registry.terraform.io/hashicorp/aws\"]",
      "instances": [
        {
          "schema_version": 0,
          "attributes": {
            "id": "serverless-pipeline-dev-lambda-worker-role/arn:aws:iam::739685920279:policy/serverless-pipeline-dev-lambda-worker-policy",
            "policy_arn": "arn:aws:iam::739685920279:policy/serverless-pipeline-dev-lambda-worker-policy",
            "role": "serverless-pipeline-dev-lambda-worker-role"
          },
          "sensitive_attributes": [],
          "identity_schema_version": 0,
          "identity": {
            "account_id": "739685920279",
            "policy_arn": "arn:aws:iam::739685920279:policy/serverless-pipeline-dev-lambda-worker-policy",
            "role": "serverless-pipeline-dev-lambda-worker-role"
          },
          "private": "bnVsbA==",
          "dependencies": [
            "module.dynamodb.aws_dynamodb_table.pipeline_db_table",
            "module.iam.aws_iam_policy.lambda_worker_policy",
            "module.iam.aws_iam_role.lambda_worker_role",
            "module.iam.data.aws_caller_identity.current",
            "module.iam.data.aws_region.current",
            "module.s3.aws_s3_bucket.file_bucket",
            "module.s3.data.aws_caller_identity.current"
          ]
        }
      ]
    },
    {
      "module": "module.iam",
      "mode": "managed",
      "type": "aws_iam_role_policy_attachment",
      "name": "lambda_worker_sqs",
      "provider": "provider[\"registry.terraform.io/hashicorp/aws\"]",
      "instances": [
        {
          "schema_version": 0,
          "attributes": {
            "id": "serverless-pipeline-dev-lambda-worker-role/arn:aws:iam::739685920279:policy/serverless-pipeline-dev-lambda-worker-sqs",
            "policy_arn": "arn:aws:iam::739685920279:policy/serverless-pipeline-dev-lambda-worker-sqs",
            "role": "serverless-pipeline-dev-lambda-worker-role"
          },
          "sensitive_attributes": [],
          "identity_schema_version": 0,
          "identity": {
            "account_id": "739685920279",
            "policy_arn": "arn:aws:iam::739685920279:policy/serverless-pipeline-dev-lambda-worker-sqs",
            "role": "serverless-pipeline-dev-lambda-worker-role"
          },
          "private": "bnVsbA==",
          "dependencies": [
            "module.iam.aws_iam_policy.lambda_worker_sqs",
            "module.iam.aws_iam_role.lambda_worker_role",
            "module.sqs.aws_sqs_queue.lambda_worker_queue",
            "module.sqs.aws_sqs_queue.sqs_queue_dlq"
          ]
        }
      ]
    },
    {
      "module": "module.iam",
      "mode": "managed",
      "type": "aws_iam_role_policy_attachment",
      "name": "trigger_lambda_logs",
      "provider": "provider[\"registry.terraform.io/hashicorp/aws\"]",
      "instances": [
        {
          "schema_version": 0,
          "attributes": {
            "id": "serverless-pipeline-dev-trigger-lambda-role/arn:aws:iam::739685920279:policy/serverless-pipeline-dev-lambda-logs",
            "policy_arn": "arn:aws:iam::739685920279:policy/serverless-pipeline-dev-lambda-logs",
            "role": "serverless-pipeline-dev-trigger-lambda-role"
          },
          "sensitive_attributes": [],
          "identity_schema_version": 0,
          "identity": {
            "account_id": "739685920279",
            "policy_arn": "arn:aws:iam::739685920279:policy/serverless-pipeline-dev-lambda-logs",
            "role": "serverless-pipeline-dev-trigger-lambda-role"
          },
          "private": "bnVsbA==",
          "dependencies": [
            "module.iam.aws_iam_policy.lambda_cloudwatch_logs",
            "module.iam.aws_iam_role.trigger_lambda_role",
            "module.iam.data.aws_caller_identity.current",
            "module.iam.data.aws_region.current"
          ]
        }
      ]
    },
    {
      "module": "module.iam",
      "mode": "managed",
      "type": "aws_iam_role_policy_attachment",
      "name": "trigger_lambda_policy",
      "provider": "provider[\"registry.terraform.io/hashicorp/aws\"]",
      "instances": [
        {
          "schema_version": 0,
          "attributes": {
            "id": "serverless-pipeline-dev-trigger-lambda-role/arn:aws:iam::739685920279:policy/serverless-pipeline-dev-trigger-lambda-policy",
            "policy_arn": "arn:aws:iam::739685920279:policy/serverless-pipeline-dev-trigger-lambda-policy",
            "role": "serverless-pipeline-dev-trigger-lambda-role"
          },
          "sensitive_attributes": [],
          "identity_schema_version": 0,
          "identity": {
            "account_id": "739685920279",
            "policy_arn": "arn:aws:iam::739685920279:policy/serverless-pipeline-dev-trigger-lambda-policy",
            "role": "serverless-pipeline-dev-trigger-lambda-role"
          },
          "private": "bnVsbA==",
          "dependencies": [
            "module.iam.aws_iam_policy.trigger_lambda_policy",
            "module.iam.aws_iam_role.trigger_lambda_role",
            "module.s3.aws_s3_bucket.file_bucket",
            "module.s3.data.aws_caller_identity.current"
          ]
        }
      ]
    },
    {
      "module": "module.iam",
      "mode": "managed",
      "type": "aws_iam_role_policy_attachment",
      "name": "trigger_lambda_sqs",
      "provider": "provider[\"registry.terraform.io/hashicorp/aws\"]",
      "instances": [
        {
          "schema_version": 0,
          "attributes": {
            "id": "serverless-pipeline-dev-trigger-lambda-role/arn:aws:iam::739685920279:policy/serverless-pipeline-dev-trigger-lambda-sqs",
            "policy_arn": "arn:aws:iam::739685920279:policy/serverless-pipeline-dev-trigger-lambda-sqs",
            "role": "serverless-pipeline-dev-trigger-lambda-role"
          },
          "sensitive_attributes": [],
          "identity_schema_version": 0,
          "identity": {
            "account_id": "739685920279",
            "policy_arn": "arn:aws:iam::739685920279:policy/serverless-pipeline-dev-trigger-lambda-sqs",
            "role": "serverless-pipeline-dev-trigger-lambda-role"
          },
          "private": "bnVsbA==",
          "dependencies": [
            "module.iam.aws_iam_policy.trigger_lambda_sqs",
            "module.iam.aws_iam_role.trigger_lambda_role",
            "module.lambda.aws_sqs_queue.trigger_lambda_dlq",
            "module.sqs.aws_sqs_queue.lambda_worker_queue",
            "module.sqs.aws_sqs_queue.sqs_queue_dlq"
          ]
        }
      ]
    },
    {
      "module": "module.lambda",
      "mode": "data",
      "type": "archive_file",
      "name": "lambda_worker",
      "provider": "provider[\"registry.terraform.io/hashicorp/archive\"]",
      "instances": [
        {
          "schema_version": 0,
          "attributes": {
            "exclude_symlink_directories": null,
            "excludes": null,
            "id": "83504422d2e11a7ca5ae19185d91cf720dc21ac1",
            "output_base64sha256": "+Y8XZ+muUBF35Q5dIzAONNqXyq71pVNMoQrD0+lg7cI=",
            "output_base64sha512": "3NHYIo3vxVFTmvmwvbbaNts5FoqITndqYjKImSk3dYfSIXoIju5qGIePj5woQq2WFgESCTN64E8TU3Hfw7aJ8Q==",
            "output_file_mode": null,
            "output_md5": "64671033fab2973b2544fef6715842ba",
            "output_path": "modules/lambda/../../../src/builds/lambda_worker.zip",
            "output_sha": "83504422d2e11a7ca5ae19185d91cf720dc21ac1",
            "output_sha256": "f98f1767e9ae501177e50e5d23300e34da97caaef5a5534ca10ac3d3e960edc2",
            "output_sha512": "dcd1d8228defc551539af9b0bdb6da36db39168a884e776a6232889929377587d2217a088eee6a18878f8f9c2842ad9616011209337ae04f135371dfc3b689f1",
            "output_size": 1827,
            "source": [],
            "source_content": null,
            "source_content_filename": null,
            "source_dir": "modules/lambda/../../../src/lambda_worker",
            "source_file": null,
            "type": "zip"
          },
          "sensitive_attributes": [],
          "identity_schema_version": 0
        }
      ]
    },
    {
      "module": "module.lambda",
      "mode": "data",
      "type": "archive_file",
      "name": "trigger_lambda",
      "provider": "provider[\"registry.terraform.io/hashicorp/archive\"]",
      "instances": [
        {
          "schema_version": 0,
          "attributes": {
            "exclude_symlink_directories": null,
            "excludes": null,
            "id": "f40d81454b1f17d90cd581a4b05d34f9804d5d98",
            "output_base64sha256": "oGpFcuOHRGgJ1LmPRdNbkiufXoNGxuxKveJVXYFgEyk=",
            "output_base64sha512": "aYGFW7bpezCLJFtBM+7bGzR2Hyl2A0x54BHjMLyjq10KsSSOidM+Ev7z/MaNMydL3Ca8uEzg2l0SJLp8taQGFQ==",
            "output_file_mode": null,
            "output_md5": "fc28b7617d4daff06ad0e8a074dec8fd",
            "output_path": "modules/lambda/../../../src/builds/trigger_lambda.zip",
            "output_sha": "f40d81454b1f17d90cd581a4b05d34f9804d5d98",
            "output_sha256": "a06a4572e387446809d4b98f45d35b922b9f5e8346c6ec4abde2555d81601329",
            "output_sha512": "6981855bb6e97b308b245b4133eedb1b34761f2976034c79e011e330bca3ab5d0ab1248e89d33e12fef3fcc68d33274bdc26bcb84ce0da5d1224ba7cb5a40615",
            "output_size": 1129,
            "source": [],
            "source_content": null,
            "source_content_filename": null,
            "source_dir": "modules/lambda/../../../src/trigger_lambda",
            "source_file": null,
            "type": "zip"
          },
          "sensitive_attributes": [],
          "identity_schema_version": 0
        }
      ]
    },
    {
      "module": "module.lambda",
      "mode": "managed",
      "type": "aws_lambda_event_source_mapping",
      "name": "lambda_worker_trigger",
      "provider": "provider[\"registry.terraform.io/hashicorp/aws\"]",
      "instances": [
        {
          "schema_version": 0,
          "attributes": {
            "amazon_managed_kafka_event_source_config": [],
            "arn": "arn:aws:lambda:ap-southeast-1:739685920279:event-source-mapping:ebd35ec2-dda6-4503-a15d-b37790135adf",
            "batch_size": 1,
            "bisect_batch_on_function_error": false,
            "destination_config": [],
            "document_db_event_source_config": [],
            "enabled": true,
            "event_source_arn": "arn:aws:sqs:ap-southeast-1:739685920279:serverless-pipeline-dev-lambda-worker-queue",
            "filter_criteria": [],
            "function_arn": "arn:aws:lambda:ap-southeast-1:739685920279:function:serverless-pipeline-dev-lambda-worker",
            "function_name": "arn:aws:lambda:ap-southeast-1:739685920279:function:serverless-pipeline-dev-lambda-worker",
            "function_response_types": [],
            "id": "ebd35ec2-dda6-4503-a15d-b37790135adf",
            "kms_key_arn": "",
            "last_modified": "2026-04-25T10:29:20Z",
            "last_processing_result": "",
            "maximum_batching_window_in_seconds": 0,
            "maximum_record_age_in_seconds": 0,
            "maximum_retry_attempts": 0,
            "metrics_config": [],
            "parallelization_factor": 0,
            "provisioned_poller_config": [],
            "queues": [],
            "region": "ap-southeast-1",
            "scaling_config": [],
            "self_managed_event_source": [],
            "self_managed_kafka_event_source_config": [],
            "source_access_configuration": [],
            "starting_position": "",
            "starting_position_timestamp": "",
            "state": "Enabled",
            "state_transition_reason": "USER_INITIATED",
            "tags": {},
            "tags_all": {
              "Environment": "dev",
              "Project": "serverless-pipeline"
            },
            "topics": [],
            "tumbling_window_in_seconds": 0,
            "uuid": "ebd35ec2-dda6-4503-a15d-b37790135adf"
          },
          "sensitive_attributes": [],
          "identity_schema_version": 0,
          "private": "bnVsbA==",
          "dependencies": [
            "module.cloudwatch.aws_cloudwatch_log_group.lambda_worker",
            "module.dynamodb.aws_dynamodb_table.pipeline_db_table",
            "module.iam.aws_iam_role.lambda_worker_role",
            "module.lambda.aws_lambda_function.lambda_worker",
            "module.lambda.data.archive_file.lambda_worker",
            "module.sns.aws_sns_topic.lambda_response",
            "module.sqs.aws_sqs_queue.lambda_worker_queue",
            "module.sqs.aws_sqs_queue.sqs_queue_dlq"
          ]
        }
      ]
    },
    {
      "module": "module.lambda",
      "mode": "managed",
      "type": "aws_lambda_function",
      "name": "lambda_worker",
      "provider": "provider[\"registry.terraform.io/hashicorp/aws\"]",
      "instances": [
        {
          "schema_version": 0,
          "attributes": {
            "architectures": [
              "x86_64"
            ],
            "arn": "arn:aws:lambda:ap-southeast-1:739685920279:function:serverless-pipeline-dev-lambda-worker",
            "capacity_provider_config": [],
            "code_sha256": "+Y8XZ+muUBF35Q5dIzAONNqXyq71pVNMoQrD0+lg7cI=",
            "code_signing_config_arn": "",
            "dead_letter_config": [],
            "description": "",
            "durable_config": [],
            "environment": [
              {
                "variables": {
                  "DYNAMODB_TABLE_NAME": "serverless-pipeline-dev-pipeline-db-table",
                  "ENVIRONMENT": "dev",
                  "LOG_LEVEL": "DEBUG",
                  "SES_SENDER_EMAIL": "punojustinematthew3@gmail.com",
                  "SNS_TOPIC_ARN": "arn:aws:sns:ap-southeast-1:739685920279:serverless-pipeline-dev-lambda-response"
                }
              }
            ],
            "ephemeral_storage": [
              {
                "size": 512
              }
            ],
            "file_system_config": [],
            "filename": "modules/lambda/../../../src/builds/lambda_worker.zip",
            "function_name": "serverless-pipeline-dev-lambda-worker",
            "handler": "lambda_worker.lambda_handler",
            "id": "serverless-pipeline-dev-lambda-worker",
            "image_config": [],
            "image_uri": "",
            "invoke_arn": "arn:aws:apigateway:ap-southeast-1:lambda:path/2015-03-31/functions/arn:aws:lambda:ap-southeast-1:739685920279:function:serverless-pipeline-dev-lambda-worker/invocations",
            "kms_key_arn": "",
            "last_modified": "2026-04-25T09:53:39.704+0000",
            "layers": [],
            "logging_config": [
              {
                "application_log_level": "DEBUG",
                "log_format": "JSON",
                "log_group": "/aws/lambda/serverless-pipeline-dev-lambda-worker",
                "system_log_level": "WARN"
              }
            ],
            "memory_size": 128,
            "package_type": "Zip",
            "publish": false,
            "publish_to": null,
            "qualified_arn": "arn:aws:lambda:ap-southeast-1:739685920279:function:serverless-pipeline-dev-lambda-worker:$LATEST",
            "qualified_invoke_arn": "arn:aws:apigateway:ap-southeast-1:lambda:path/2015-03-31/functions/arn:aws:lambda:ap-southeast-1:739685920279:function:serverless-pipeline-dev-lambda-worker:$LATEST/invocations",
            "region": "ap-southeast-1",
            "replace_security_groups_on_destroy": null,
            "replacement_security_group_ids": null,
            "reserved_concurrent_executions": -1,
            "response_streaming_invoke_arn": "arn:aws:apigateway:ap-southeast-1:lambda:path/2021-11-15/functions/arn:aws:lambda:ap-southeast-1:739685920279:function:serverless-pipeline-dev-lambda-worker/response-streaming-invocations",
            "role": "arn:aws:iam::739685920279:role/serverless-pipeline-dev-lambda-worker-role",
            "runtime": "python3.14",
            "s3_bucket": null,
            "s3_key": null,
            "s3_object_version": null,
            "signing_job_arn": "",
            "signing_profile_version_arn": "",
            "skip_destroy": false,
            "snap_start": [],
            "source_code_hash": "",
            "source_code_size": 1827,
            "source_kms_key_arn": "",
            "tags": {
              "Function": "worker"
            },
            "tags_all": {
              "Environment": "dev",
              "Function": "worker",
              "Project": "serverless-pipeline"
            },
            "tenancy_config": [],
            "timeout": 3,
            "timeouts": null,
            "tracing_config": [
              {
                "mode": "PassThrough"
              }
            ],
            "version": "$LATEST",
            "vpc_config": []
          },
          "sensitive_attributes": [],
          "identity_schema_version": 0,
          "identity": {
            "account_id": "739685920279",
            "function_name": "serverless-pipeline-dev-lambda-worker",
            "region": "ap-southeast-1"
          },
          "private": "eyJlMmJmYjczMC1lY2FhLTExZTYtOGY4OC0zNDM2M2JjN2M0YzAiOnsiY3JlYXRlIjo2MDAwMDAwMDAwMDAsImRlbGV0ZSI6NjAwMDAwMDAwMDAwLCJ1cGRhdGUiOjYwMDAwMDAwMDAwMH19",
          "dependencies": [
            "module.cloudwatch.aws_cloudwatch_log_group.lambda_worker",
            "module.dynamodb.aws_dynamodb_table.pipeline_db_table",
            "module.iam.aws_iam_role.lambda_worker_role",
            "module.lambda.data.archive_file.lambda_worker",
            "module.sns.aws_sns_topic.lambda_response"
          ]
        }
      ]
    },
    {
      "module": "module.lambda",
      "mode": "managed",
      "type": "aws_lambda_function",
      "name": "trigger_lambda",
      "provider": "provider[\"registry.terraform.io/hashicorp/aws\"]",
      "instances": [
        {
          "schema_version": 0,
          "attributes": {
            "architectures": [
              "x86_64"
            ],
            "arn": "arn:aws:lambda:ap-southeast-1:739685920279:function:serverless-pipeline-dev-trigger-lambda",
            "capacity_provider_config": [],
            "code_sha256": "oGpFcuOHRGgJ1LmPRdNbkiufXoNGxuxKveJVXYFgEyk=",
            "code_signing_config_arn": "",
            "dead_letter_config": [
              {
                "target_arn": "arn:aws:sqs:ap-southeast-1:739685920279:serverless-pipeline-dev-trigger-lambda-dlq"
              }
            ],
            "description": "",
            "durable_config": [],
            "environment": [
              {
                "variables": {
                  "BUCKET_NAME": "serverless-pipeline-dev-file-bucket-739685920279",
                  "ENVIRONMENT": "dev",
                  "LOG_LEVEL": "DEBUG",
                  "SQS_QUEUE_URL": "https://sqs.ap-southeast-1.amazonaws.com/739685920279/serverless-pipeline-dev-lambda-worker-queue"
                }
              }
            ],
            "ephemeral_storage": [
              {
                "size": 512
              }
            ],
            "file_system_config": [],
            "filename": "modules/lambda/../../../src/builds/trigger_lambda.zip",
            "function_name": "serverless-pipeline-dev-trigger-lambda",
            "handler": "trigger_lambda.lambda_handler",
            "id": "serverless-pipeline-dev-trigger-lambda",
            "image_config": [],
            "image_uri": "",
            "invoke_arn": "arn:aws:apigateway:ap-southeast-1:lambda:path/2015-03-31/functions/arn:aws:lambda:ap-southeast-1:739685920279:function:serverless-pipeline-dev-trigger-lambda/invocations",
            "kms_key_arn": "",
            "last_modified": "2026-04-25T10:29:20.993+0000",
            "layers": [],
            "logging_config": [
              {
                "application_log_level": "DEBUG",
                "log_format": "JSON",
                "log_group": "/aws/lambda/serverless-pipeline-dev-trigger-lambda",
                "system_log_level": "WARN"
              }
            ],
            "memory_size": 128,
            "package_type": "Zip",
            "publish": false,
            "publish_to": null,
            "qualified_arn": "arn:aws:lambda:ap-southeast-1:739685920279:function:serverless-pipeline-dev-trigger-lambda:$LATEST",
            "qualified_invoke_arn": "arn:aws:apigateway:ap-southeast-1:lambda:path/2015-03-31/functions/arn:aws:lambda:ap-southeast-1:739685920279:function:serverless-pipeline-dev-trigger-lambda:$LATEST/invocations",
            "region": "ap-southeast-1",
            "replace_security_groups_on_destroy": null,
            "replacement_security_group_ids": null,
            "reserved_concurrent_executions": -1,
            "response_streaming_invoke_arn": "arn:aws:apigateway:ap-southeast-1:lambda:path/2021-11-15/functions/arn:aws:lambda:ap-southeast-1:739685920279:function:serverless-pipeline-dev-trigger-lambda/response-streaming-invocations",
            "role": "arn:aws:iam::739685920279:role/serverless-pipeline-dev-trigger-lambda-role",
            "runtime": "python3.14",
            "s3_bucket": null,
            "s3_key": null,
            "s3_object_version": null,
            "signing_job_arn": "",
            "signing_profile_version_arn": "",
            "skip_destroy": false,
            "snap_start": [],
            "source_code_hash": "",
            "source_code_size": 1129,
            "source_kms_key_arn": "",
            "tags": {
              "Function": "trigger"
            },
            "tags_all": {
              "Environment": "dev",
              "Function": "trigger",
              "Project": "serverless-pipeline"
            },
            "tenancy_config": [],
            "timeout": 3,
            "timeouts": null,
            "tracing_config": [
              {
                "mode": "PassThrough"
              }
            ],
            "version": "$LATEST",
            "vpc_config": []
          },
          "sensitive_attributes": [],
          "identity_schema_version": 0,
          "identity": {
            "account_id": "739685920279",
            "function_name": "serverless-pipeline-dev-trigger-lambda",
            "region": "ap-southeast-1"
          },
          "private": "eyJlMmJmYjczMC1lY2FhLTExZTYtOGY4OC0zNDM2M2JjN2M0YzAiOnsiY3JlYXRlIjo2MDAwMDAwMDAwMDAsImRlbGV0ZSI6NjAwMDAwMDAwMDAwLCJ1cGRhdGUiOjYwMDAwMDAwMDAwMH19",
          "dependencies": [
            "module.cloudwatch.aws_cloudwatch_log_group.trigger_lambda",
            "module.iam.aws_iam_role.trigger_lambda_role",
            "module.lambda.aws_sqs_queue.trigger_lambda_dlq",
            "module.lambda.data.archive_file.trigger_lambda",
            "module.s3.aws_s3_bucket.file_bucket",
            "module.s3.data.aws_caller_identity.current",
            "module.sqs.aws_sqs_queue.lambda_worker_queue",
            "module.sqs.aws_sqs_queue.sqs_queue_dlq"
          ]
        }
      ]
    },
    {
      "module": "module.lambda",
      "mode": "managed",
      "type": "aws_sqs_queue",
      "name": "trigger_lambda_dlq",
      "provider": "provider[\"registry.terraform.io/hashicorp/aws\"]",
      "instances": [
        {
          "schema_version": 0,
          "attributes": {
            "arn": "arn:aws:sqs:ap-southeast-1:739685920279:serverless-pipeline-dev-trigger-lambda-dlq",
            "content_based_deduplication": false,
            "deduplication_scope": "",
            "delay_seconds": 0,
            "fifo_queue": false,
            "fifo_throughput_limit": "",
            "id": "https://sqs.ap-southeast-1.amazonaws.com/739685920279/serverless-pipeline-dev-trigger-lambda-dlq",
            "kms_data_key_reuse_period_seconds": 300,
            "kms_master_key_id": "",
            "max_message_size": 262144,
            "message_retention_seconds": 345600,
            "name": "serverless-pipeline-dev-trigger-lambda-dlq",
            "name_prefix": "",
            "policy": "",
            "receive_wait_time_seconds": 0,
            "redrive_allow_policy": "",
            "redrive_policy": "",
            "region": "ap-southeast-1",
            "sqs_managed_sse_enabled": true,
            "tags": {
              "QueueRole": "DLQ-Trigger"
            },
            "tags_all": {
              "Environment": "dev",
              "Project": "serverless-pipeline",
              "QueueRole": "DLQ-Trigger"
            },
            "timeouts": null,
            "url": "https://sqs.ap-southeast-1.amazonaws.com/739685920279/serverless-pipeline-dev-trigger-lambda-dlq",
            "visibility_timeout_seconds": 30
          },
          "sensitive_attributes": [],
          "identity_schema_version": 1,
          "identity": {
            "url": "https://sqs.ap-southeast-1.amazonaws.com/739685920279/serverless-pipeline-dev-trigger-lambda-dlq"
          },
          "private": "eyJlMmJmYjczMC1lY2FhLTExZTYtOGY4OC0zNDM2M2JjN2M0YzAiOnsiY3JlYXRlIjoxODAwMDAwMDAwMDAsImRlbGV0ZSI6MTgwMDAwMDAwMDAwLCJ1cGRhdGUiOjE4MDAwMDAwMDAwMH19"
        }
      ]
    },
    {
      "module": "module.lambda_frontend",
      "mode": "data",
      "type": "archive_file",
      "name": "lambda_s3_url_generator",
      "provider": "provider[\"registry.terraform.io/hashicorp/archive\"]",
      "instances": [
        {
          "schema_version": 0,
          "attributes": {
            "exclude_symlink_directories": null,
            "excludes": null,
            "id": "764c444ff9b1b9395addb25d6c68d0f6992dd263",
            "output_base64sha256": "Efmt+Dyqe1UnFZg3AM+YLiWhQsB0wBFDOnJKwUa/X3s=",
            "output_base64sha512": "TAcTsLwmmyW0V438z7SEQNPV35ZYEUqe29S/F15Vnibk8gHxqksfL5P/W/5YdrYIaYZcKLX76+1F6df3BYGYbw==",
            "output_file_mode": null,
            "output_md5": "e41f2c531ce15d49226aab75a71ada8b",
            "output_path": "modules/lambda_frontend/../../../src/builds/lambda_s3_url_generator.zip",
            "output_sha": "764c444ff9b1b9395addb25d6c68d0f6992dd263",
            "output_sha256": "11f9adf83caa7b552715983700cf982e25a142c074c011433a724ac146bf5f7b",
            "output_sha512": "4c0713b0bc269b25b4578dfccfb48440d3d5df9658114a9edbd4bf175e559e26e4f201f1aa4b1f2f93ff5bfe5876b60869865c28b5fbebed45e9d7f70581986f",
            "output_size": 952,
            "source": [],
            "source_content": null,
            "source_content_filename": null,
            "source_dir": "modules/lambda_frontend/../../../src/lambda_s3_url_generator",
            "source_file": null,
            "type": "zip"
          },
          "sensitive_attributes": [],
          "identity_schema_version": 0
        }
      ]
    },
    {
      "module": "module.lambda_frontend",
      "mode": "managed",
      "type": "aws_lambda_function",
      "name": "lambda_s3_url_generator",
      "provider": "provider[\"registry.terraform.io/hashicorp/aws\"]",
      "instances": [
        {
          "schema_version": 0,
          "attributes": {
            "architectures": [
              "x86_64"
            ],
            "arn": "arn:aws:lambda:ap-southeast-1:739685920279:function:serverless-pipeline-dev-lambda-s3-url-generator",
            "capacity_provider_config": [],
            "code_sha256": "Efmt+Dyqe1UnFZg3AM+YLiWhQsB0wBFDOnJKwUa/X3s=",
            "code_signing_config_arn": "",
            "dead_letter_config": [],
            "description": "",
            "durable_config": [],
            "environment": [
              {
                "variables": {
                  "BUCKET_NAME": "serverless-pipeline-dev-file-bucket-739685920279",
                  "ENVIRONMENT": "dev",
                  "LOG_LEVEL": "DEBUG"
                }
              }
            ],
            "ephemeral_storage": [
              {
                "size": 512
              }
            ],
            "file_system_config": [],
            "filename": "modules/lambda_frontend/../../../src/builds/lambda_s3_url_generator.zip",
            "function_name": "serverless-pipeline-dev-lambda-s3-url-generator",
            "handler": "lambda_s3_url_generator.lambda_handler",
            "id": "serverless-pipeline-dev-lambda-s3-url-generator",
            "image_config": [],
            "image_uri": "",
            "invoke_arn": "arn:aws:apigateway:ap-southeast-1:lambda:path/2015-03-31/functions/arn:aws:lambda:ap-southeast-1:739685920279:function:serverless-pipeline-dev-lambda-s3-url-generator/invocations",
            "kms_key_arn": "",
            "last_modified": "2026-04-25T09:53:33.597+0000",
            "layers": [],
            "logging_config": [
              {
                "application_log_level": "DEBUG",
                "log_format": "JSON",
                "log_group": "/aws/lambda/serverless-pipeline-dev-lambda-s3-url-generator",
                "system_log_level": "WARN"
              }
            ],
            "memory_size": 128,
            "package_type": "Zip",
            "publish": false,
            "publish_to": null,
            "qualified_arn": "arn:aws:lambda:ap-southeast-1:739685920279:function:serverless-pipeline-dev-lambda-s3-url-generator:$LATEST",
            "qualified_invoke_arn": "arn:aws:apigateway:ap-southeast-1:lambda:path/2015-03-31/functions/arn:aws:lambda:ap-southeast-1:739685920279:function:serverless-pipeline-dev-lambda-s3-url-generator:$LATEST/invocations",
            "region": "ap-southeast-1",
            "replace_security_groups_on_destroy": null,
            "replacement_security_group_ids": null,
            "reserved_concurrent_executions": -1,
            "response_streaming_invoke_arn": "arn:aws:apigateway:ap-southeast-1:lambda:path/2021-11-15/functions/arn:aws:lambda:ap-southeast-1:739685920279:function:serverless-pipeline-dev-lambda-s3-url-generator/response-streaming-invocations",
            "role": "arn:aws:iam::739685920279:role/serverless-pipeline-dev-lambda-s3-url-generator-role",
            "runtime": "python3.14",
            "s3_bucket": null,
            "s3_key": null,
            "s3_object_version": null,
            "signing_job_arn": "",
            "signing_profile_version_arn": "",
            "skip_destroy": false,
            "snap_start": [],
            "source_code_hash": "",
            "source_code_size": 952,
            "source_kms_key_arn": "",
            "tags": {
              "Function": "url-generator"
            },
            "tags_all": {
              "Environment": "dev",
              "Function": "url-generator",
              "Project": "serverless-pipeline"
            },
            "tenancy_config": [],
            "timeout": 3,
            "timeouts": null,
            "tracing_config": [
              {
                "mode": "PassThrough"
              }
            ],
            "version": "$LATEST",
            "vpc_config": []
          },
          "sensitive_attributes": [],
          "identity_schema_version": 0,
          "identity": {
            "account_id": "739685920279",
            "function_name": "serverless-pipeline-dev-lambda-s3-url-generator",
            "region": "ap-southeast-1"
          },
          "private": "eyJlMmJmYjczMC1lY2FhLTExZTYtOGY4OC0zNDM2M2JjN2M0YzAiOnsiY3JlYXRlIjo2MDAwMDAwMDAwMDAsImRlbGV0ZSI6NjAwMDAwMDAwMDAwLCJ1cGRhdGUiOjYwMDAwMDAwMDAwMH19",
          "dependencies": [
            "module.cloudwatch.aws_cloudwatch_log_group.lambda_s3_url_generator",
            "module.iam.aws_iam_role.lambda_s3_url_generator_role",
            "module.lambda_frontend.data.archive_file.lambda_s3_url_generator",
            "module.s3.aws_s3_bucket.file_bucket",
            "module.s3.data.aws_caller_identity.current"
          ]
        }
      ]
    },
    {
      "module": "module.lambda_frontend",
      "mode": "managed",
      "type": "aws_lambda_function_url",
      "name": "lambda_s3_url",
      "provider": "provider[\"registry.terraform.io/hashicorp/aws\"]",
      "instances": [
        {
          "schema_version": 0,
          "attributes": {
            "authorization_type": "NONE",
            "cors": [
              {
                "allow_credentials": true,
                "allow_headers": [
                  "content-type",
                  "date",
                  "keep-alive"
                ],
                "allow_methods": [
                  "GET",
                  "PUT"
                ],
                "allow_origins": [
                  "http://localhost:5500"
                ],
                "expose_headers": [
                  "date",
                  "keep-alive"
                ],
                "max_age": 86400
              }
            ],
            "function_arn": "arn:aws:lambda:ap-southeast-1:739685920279:function:serverless-pipeline-dev-lambda-s3-url-generator",
            "function_name": "serverless-pipeline-dev-lambda-s3-url-generator",
            "function_url": "https://blgm74fu4evbc3ngozcuvs6kyq0oulke.lambda-url.ap-southeast-1.on.aws/",
            "id": "serverless-pipeline-dev-lambda-s3-url-generator",
            "invoke_mode": "BUFFERED",
            "qualifier": "",
            "region": "ap-southeast-1",
            "timeouts": null,
            "url_id": "blgm74fu4evbc3ngozcuvs6kyq0oulke"
          },
          "sensitive_attributes": [],
          "identity_schema_version": 0,
          "private": "eyJlMmJmYjczMC1lY2FhLTExZTYtOGY4OC0zNDM2M2JjN2M0YzAiOnsiY3JlYXRlIjo2MDAwMDAwMDAwMDB9fQ==",
          "dependencies": [
            "module.cloudwatch.aws_cloudwatch_log_group.lambda_s3_url_generator",
            "module.iam.aws_iam_role.lambda_s3_url_generator_role",
            "module.lambda_frontend.aws_lambda_function.lambda_s3_url_generator",
            "module.lambda_frontend.data.archive_file.lambda_s3_url_generator",
            "module.s3.aws_s3_bucket.file_bucket",
            "module.s3.data.aws_caller_identity.current"
          ]
        }
      ]
    },
    {
      "module": "module.s3",
      "mode": "data",
      "type": "aws_caller_identity",
      "name": "current",
      "provider": "provider[\"registry.terraform.io/hashicorp/aws\"]",
      "instances": [
        {
          "schema_version": 0,
          "attributes": {
            "account_id": "739685920279",
            "arn": "arn:aws:iam::739685920279:user/user-matthew",
            "id": "739685920279",
            "user_id": "AIDA2YOFXNYL7AZPDW4XR"
          },
          "sensitive_attributes": [],
          "identity_schema_version": 0
        }
      ]
    },
    {
      "module": "module.s3",
      "mode": "managed",
      "type": "aws_lambda_permission",
      "name": "allow_s3",
      "provider": "provider[\"registry.terraform.io/hashicorp/aws\"]",
      "instances": [
        {
          "schema_version": 0,
          "attributes": {
            "action": "lambda:InvokeFunction",
            "event_source_token": null,
            "function_name": "arn:aws:lambda:ap-southeast-1:739685920279:function:serverless-pipeline-dev-trigger-lambda",
            "function_url_auth_type": null,
            "id": "AllowExecutionFromS3",
            "invoked_via_function_url": null,
            "principal": "s3.amazonaws.com",
            "principal_org_id": null,
            "qualifier": "",
            "region": "ap-southeast-1",
            "source_account": null,
            "source_arn": "arn:aws:s3:::serverless-pipeline-dev-file-bucket-739685920279",
            "statement_id": "AllowExecutionFromS3",
            "statement_id_prefix": ""
          },
          "sensitive_attributes": [],
          "identity_schema_version": 0,
          "identity": {
            "account_id": "739685920279",
            "function_name": "arn:aws:lambda:ap-southeast-1:739685920279:function:serverless-pipeline-dev-trigger-lambda",
            "qualifier": null,
            "region": "ap-southeast-1",
            "statement_id": "AllowExecutionFromS3"
          },
          "private": "bnVsbA==",
          "dependencies": [
            "module.cloudwatch.aws_cloudwatch_log_group.trigger_lambda",
            "module.iam.aws_iam_role.trigger_lambda_role",
            "module.lambda.aws_lambda_function.trigger_lambda",
            "module.lambda.aws_sqs_queue.trigger_lambda_dlq",
            "module.lambda.data.archive_file.trigger_lambda",
            "module.s3.aws_s3_bucket.file_bucket",
            "module.s3.data.aws_caller_identity.current",
            "module.sqs.aws_sqs_queue.lambda_worker_queue",
            "module.sqs.aws_sqs_queue.sqs_queue_dlq"
          ]
        }
      ]
    },
    {
      "module": "module.s3",
      "mode": "managed",
      "type": "aws_s3_bucket",
      "name": "file_bucket",
      "provider": "provider[\"registry.terraform.io/hashicorp/aws\"]",
      "instances": [
        {
          "schema_version": 0,
          "attributes": {
            "acceleration_status": "",
            "acl": null,
            "arn": "arn:aws:s3:::serverless-pipeline-dev-file-bucket-739685920279",
            "bucket": "serverless-pipeline-dev-file-bucket-739685920279",
            "bucket_domain_name": "serverless-pipeline-dev-file-bucket-739685920279.s3.amazonaws.com",
            "bucket_namespace": "global",
            "bucket_prefix": "",
            "bucket_region": "ap-southeast-1",
            "bucket_regional_domain_name": "serverless-pipeline-dev-file-bucket-739685920279.s3.ap-southeast-1.amazonaws.com",
            "cors_rule": [],
            "force_destroy": false,
            "grant": [
              {
                "id": "3d01db965ee61c279324c2a79b4eeda231427d6ff5fe744140dc9782042b0808",
                "permissions": [
                  "FULL_CONTROL"
                ],
                "type": "CanonicalUser",
                "uri": ""
              }
            ],
            "hosted_zone_id": "Z3O0J2DXBE1FTB",
            "id": "serverless-pipeline-dev-file-bucket-739685920279",
            "lifecycle_rule": [],
            "logging": [],
            "object_lock_configuration": [],
            "object_lock_enabled": false,
            "policy": "",
            "region": "ap-southeast-1",
            "replication_configuration": [],
            "request_payer": "BucketOwner",
            "server_side_encryption_configuration": [
              {
                "rule": [
                  {
                    "apply_server_side_encryption_by_default": [
                      {
                        "kms_master_key_id": "",
                        "sse_algorithm": "AES256"
                      }
                    ],
                    "bucket_key_enabled": false
                  }
                ]
              }
            ],
            "tags": {
              "dataClassification": "confidential"
            },
            "tags_all": {
              "Environment": "dev",
              "Project": "serverless-pipeline",
              "dataClassification": "confidential"
            },
            "timeouts": null,
            "versioning": [
              {
                "enabled": false,
                "mfa_delete": false
              }
            ],
            "website": [],
            "website_domain": null,
            "website_endpoint": null
          },
          "sensitive_attributes": [],
          "identity_schema_version": 0,
          "identity": {
            "account_id": "739685920279",
            "bucket": "serverless-pipeline-dev-file-bucket-739685920279",
            "region": "ap-southeast-1"
          },
          "private": "eyJlMmJmYjczMC1lY2FhLTExZTYtOGY4OC0zNDM2M2JjN2M0YzAiOnsiY3JlYXRlIjoxMjAwMDAwMDAwMDAwLCJkZWxldGUiOjM2MDAwMDAwMDAwMDAsInJlYWQiOjEyMDAwMDAwMDAwMDAsInVwZGF0ZSI6MTIwMDAwMDAwMDAwMH19",
          "dependencies": [
            "module.s3.data.aws_caller_identity.current"
          ]
        }
      ]
    },
    {
      "module": "module.s3",
      "mode": "managed",
      "type": "aws_s3_bucket_notification",
      "name": "bucket_notification",
      "provider": "provider[\"registry.terraform.io/hashicorp/aws\"]",
      "instances": [
        {
          "schema_version": 0,
          "attributes": {
            "bucket": "serverless-pipeline-dev-file-bucket-739685920279",
            "eventbridge": false,
            "id": "serverless-pipeline-dev-file-bucket-739685920279",
            "lambda_function": [
              {
                "events": [
                  "s3:ObjectCreated:*"
                ],
                "filter_prefix": "",
                "filter_suffix": "",
                "id": "tf-s3-lambda-20260425110006842000000001",
                "lambda_function_arn": "arn:aws:lambda:ap-southeast-1:739685920279:function:serverless-pipeline-dev-trigger-lambda"
              }
            ],
            "queue": [],
            "region": "ap-southeast-1",
            "topic": []
          },
          "sensitive_attributes": [],
          "identity_schema_version": 0,
          "identity": {
            "account_id": "739685920279",
            "bucket": "serverless-pipeline-dev-file-bucket-739685920279",
            "region": "ap-southeast-1"
          },
          "private": "bnVsbA==",
          "dependencies": [
            "module.cloudwatch.aws_cloudwatch_log_group.trigger_lambda",
            "module.iam.aws_iam_role.trigger_lambda_role",
            "module.lambda.aws_lambda_function.trigger_lambda",
            "module.lambda.aws_sqs_queue.trigger_lambda_dlq",
            "module.lambda.data.archive_file.trigger_lambda",
            "module.s3.aws_lambda_permission.allow_s3",
            "module.s3.aws_s3_bucket.file_bucket",
            "module.s3.data.aws_caller_identity.current",
            "module.sqs.aws_sqs_queue.lambda_worker_queue",
            "module.sqs.aws_sqs_queue.sqs_queue_dlq"
          ]
        }
      ]
    },
    {
      "module": "module.ses",
      "mode": "managed",
      "type": "aws_ses_email_identity",
      "name": "admin_email",
      "provider": "provider[\"registry.terraform.io/hashicorp/aws\"]",
      "instances": [
        {
          "schema_version": 0,
          "attributes": {
            "arn": "arn:aws:ses:ap-southeast-1:739685920279:identity/punojustinematthew3@gmail.com",
            "email": "punojustinematthew3@gmail.com",
            "id": "punojustinematthew3@gmail.com",
            "region": "ap-southeast-1"
          },
          "sensitive_attributes": [],
          "identity_schema_version": 0,
          "private": "bnVsbA=="
        }
      ]
    },
    {
      "module": "module.sns",
      "mode": "managed",
      "type": "aws_sns_topic",
      "name": "lambda_response",
      "provider": "provider[\"registry.terraform.io/hashicorp/aws\"]",
      "instances": [
        {
          "schema_version": 0,
          "attributes": {
            "application_failure_feedback_role_arn": "",
            "application_success_feedback_role_arn": "",
            "application_success_feedback_sample_rate": 0,
            "archive_policy": "",
            "arn": "arn:aws:sns:ap-southeast-1:739685920279:serverless-pipeline-dev-lambda-response",
            "beginning_archive_time": "",
            "content_based_deduplication": false,
            "delivery_policy": "",
            "display_name": "",
            "fifo_throughput_scope": "",
            "fifo_topic": false,
            "firehose_failure_feedback_role_arn": "",
            "firehose_success_feedback_role_arn": "",
            "firehose_success_feedback_sample_rate": 0,
            "http_failure_feedback_role_arn": "",
            "http_success_feedback_role_arn": "",
            "http_success_feedback_sample_rate": 0,
            "id": "arn:aws:sns:ap-southeast-1:739685920279:serverless-pipeline-dev-lambda-response",
            "kms_master_key_id": "",
            "lambda_failure_feedback_role_arn": "",
            "lambda_success_feedback_role_arn": "",
            "lambda_success_feedback_sample_rate": 0,
            "name": "serverless-pipeline-dev-lambda-response",
            "name_prefix": "",
            "owner": "739685920279",
            "policy": "{\"Id\":\"__default_policy_ID\",\"Statement\":[{\"Action\":[\"SNS:GetTopicAttributes\",\"SNS:SetTopicAttributes\",\"SNS:AddPermission\",\"SNS:RemovePermission\",\"SNS:DeleteTopic\",\"SNS:Subscribe\",\"SNS:ListSubscriptionsByTopic\",\"SNS:Publish\"],\"Condition\":{\"StringEquals\":{\"AWS:SourceOwner\":\"739685920279\"}},\"Effect\":\"Allow\",\"Principal\":{\"AWS\":\"*\"},\"Resource\":\"arn:aws:sns:ap-southeast-1:739685920279:serverless-pipeline-dev-lambda-response\",\"Sid\":\"__default_statement_ID\"}],\"Version\":\"2008-10-17\"}",
            "region": "ap-southeast-1",
            "signature_version": 0,
            "sqs_failure_feedback_role_arn": "",
            "sqs_success_feedback_role_arn": "",
            "sqs_success_feedback_sample_rate": 0,
            "tags": {},
            "tags_all": {
              "Environment": "dev",
              "Project": "serverless-pipeline"
            },
            "tracing_config": ""
          },
          "sensitive_attributes": [],
          "identity_schema_version": 0,
          "identity": {
            "arn": "arn:aws:sns:ap-southeast-1:739685920279:serverless-pipeline-dev-lambda-response"
          },
          "private": "bnVsbA=="
        }
      ]
    },
    {
      "module": "module.sns",
      "mode": "managed",
      "type": "aws_sns_topic_subscription",
      "name": "admin_email",
      "provider": "provider[\"registry.terraform.io/hashicorp/aws\"]",
      "instances": [
        {
          "schema_version": 0,
          "attributes": {
            "arn": "arn:aws:sns:ap-southeast-1:739685920279:serverless-pipeline-dev-lambda-response:cefbf378-5fe4-4137-8d80-92e1f0375907",
            "confirmation_timeout_in_minutes": 1,
            "confirmation_was_authenticated": false,
            "delivery_policy": "",
            "endpoint": "punojustinematthew3@gmail.com",
            "endpoint_auto_confirms": false,
            "filter_policy": "",
            "filter_policy_scope": "",
            "id": "arn:aws:sns:ap-southeast-1:739685920279:serverless-pipeline-dev-lambda-response:cefbf378-5fe4-4137-8d80-92e1f0375907",
            "owner_id": "739685920279",
            "pending_confirmation": false,
            "protocol": "email",
            "raw_message_delivery": false,
            "redrive_policy": "",
            "region": "ap-southeast-1",
            "replay_policy": "",
            "subscription_role_arn": "",
            "topic_arn": "arn:aws:sns:ap-southeast-1:739685920279:serverless-pipeline-dev-lambda-response"
          },
          "sensitive_attributes": [],
          "identity_schema_version": 0,
          "identity": {
            "arn": "arn:aws:sns:ap-southeast-1:739685920279:serverless-pipeline-dev-lambda-response:cefbf378-5fe4-4137-8d80-92e1f0375907"
          },
          "private": "bnVsbA==",
          "dependencies": [
            "module.sns.aws_sns_topic.lambda_response"
          ]
        }
      ]
    },
    {
      "module": "module.sqs",
      "mode": "managed",
      "type": "aws_sqs_queue",
      "name": "lambda_worker_queue",
      "provider": "provider[\"registry.terraform.io/hashicorp/aws\"]",
      "instances": [
        {
          "schema_version": 0,
          "attributes": {
            "arn": "arn:aws:sqs:ap-southeast-1:739685920279:serverless-pipeline-dev-lambda-worker-queue",
            "content_based_deduplication": false,
            "deduplication_scope": "",
            "delay_seconds": 0,
            "fifo_queue": false,
            "fifo_throughput_limit": "",
            "id": "https://sqs.ap-southeast-1.amazonaws.com/739685920279/serverless-pipeline-dev-lambda-worker-queue",
            "kms_data_key_reuse_period_seconds": 300,
            "kms_master_key_id": "",
            "max_message_size": 262144,
            "message_retention_seconds": 345600,
            "name": "serverless-pipeline-dev-lambda-worker-queue",
            "name_prefix": "",
            "policy": "",
            "receive_wait_time_seconds": 20,
            "redrive_allow_policy": "",
            "redrive_policy": "{\"deadLetterTargetArn\":\"arn:aws:sqs:ap-southeast-1:739685920279:serverless-pipeline-dev-sqs-queue-dlq\",\"maxReceiveCount\":3}",
            "region": "ap-southeast-1",
            "sqs_managed_sse_enabled": true,
            "tags": {
              "QueueType": "Main"
            },
            "tags_all": {
              "Environment": "dev",
              "Project": "serverless-pipeline",
              "QueueType": "Main"
            },
            "timeouts": null,
            "url": "https://sqs.ap-southeast-1.amazonaws.com/739685920279/serverless-pipeline-dev-lambda-worker-queue",
            "visibility_timeout_seconds": 300
          },
          "sensitive_attributes": [],
          "identity_schema_version": 1,
          "identity": {
            "url": "https://sqs.ap-southeast-1.amazonaws.com/739685920279/serverless-pipeline-dev-lambda-worker-queue"
          },
          "private": "eyJlMmJmYjczMC1lY2FhLTExZTYtOGY4OC0zNDM2M2JjN2M0YzAiOnsiY3JlYXRlIjoxODAwMDAwMDAwMDAsImRlbGV0ZSI6MTgwMDAwMDAwMDAwLCJ1cGRhdGUiOjE4MDAwMDAwMDAwMH19",
          "dependencies": [
            "module.sqs.aws_sqs_queue.sqs_queue_dlq"
          ]
        }
      ]
    },
    {
      "module": "module.sqs",
      "mode": "managed",
      "type": "aws_sqs_queue",
      "name": "sqs_queue_dlq",
      "provider": "provider[\"registry.terraform.io/hashicorp/aws\"]",
      "instances": [
        {
          "schema_version": 0,
          "attributes": {
            "arn": "arn:aws:sqs:ap-southeast-1:739685920279:serverless-pipeline-dev-sqs-queue-dlq",
            "content_based_deduplication": false,
            "deduplication_scope": "",
            "delay_seconds": 0,
            "fifo_queue": false,
            "fifo_throughput_limit": "",
            "id": "https://sqs.ap-southeast-1.amazonaws.com/739685920279/serverless-pipeline-dev-sqs-queue-dlq",
            "kms_data_key_reuse_period_seconds": 300,
            "kms_master_key_id": "",
            "max_message_size": 262144,
            "message_retention_seconds": 345600,
            "name": "serverless-pipeline-dev-sqs-queue-dlq",
            "name_prefix": "",
            "policy": "",
            "receive_wait_time_seconds": 0,
            "redrive_allow_policy": "",
            "redrive_policy": "",
            "region": "ap-southeast-1",
            "sqs_managed_sse_enabled": true,
            "tags": {
              "QueueRole": "DLQ-Worker"
            },
            "tags_all": {
              "Environment": "dev",
              "Project": "serverless-pipeline",
              "QueueRole": "DLQ-Worker"
            },
            "timeouts": null,
            "url": "https://sqs.ap-southeast-1.amazonaws.com/739685920279/serverless-pipeline-dev-sqs-queue-dlq",
            "visibility_timeout_seconds": 30
          },
          "sensitive_attributes": [],
          "identity_schema_version": 1,
          "identity": {
            "url": "https://sqs.ap-southeast-1.amazonaws.com/739685920279/serverless-pipeline-dev-sqs-queue-dlq"
          },
          "private": "eyJlMmJmYjczMC1lY2FhLTExZTYtOGY4OC0zNDM2M2JjN2M0YzAiOnsiY3JlYXRlIjoxODAwMDAwMDAwMDAsImRlbGV0ZSI6MTgwMDAwMDAwMDAwLCJ1cGRhdGUiOjE4MDAwMDAwMDAwMH19"
        }
      ]
    }
  ],
  "check_results": null
}
